
Microsoft Visual Studio Solution File, Format Version 12.00
# Visual Studio 14
VisualStudioVersion = 14.0.25420.1
MinimumVisualStudioVersion = 10.0.40219.1
Project("{FAE04EC0-301F-11D3-BF4B-00C04F79EFBC}") = "Projeto(Seguradora)", "Projeto(Seguradora)\Projeto(Seguradora).csproj", "{A57F35AE-338F-45B1-BF7F-D3F7DBADF7A3}"
EndProject
Global
	GlobalSection(SolutionConfigurationPlatforms) = preSolution
		Debug|Any CPU = Debug|Any CPU
		Release|Any CPU = Release|Any CPU
	EndGlobalSection
	GlobalSection(ProjectConfigurationPlatforms) = postSolution
		{A57F35AE-338F-45B1-BF7F-D3F7DBADF7A3}.Debug|Any CPU.ActiveCfg = Debug|Any CPU
		{A57F35AE-338F-45B1-BF7F-D3F7DBADF7A3}.Debug|Any CPU.Build.0 = Debug|Any CPU
		{A57F35AE-338F-45B1-BF7F-D3F7DBADF7A3}.Release|Any CPU.ActiveCfg = Release|Any CPU
		{A57F35AE-338F-45B1-BF7F-D3F7DBADF7A3}.Release|Any CPU.Build.0 = Release|Any CPU
	EndGlobalSection
	GlobalSection(SolutionProperties) = preSolution
		HideSolutionNode = FALSE
	EndGlobalSection
EndGlobal
