
Microsoft Visual Studio Solution File, Format Version 12.00
# Visual Studio 14
VisualStudioVersion = 14.0.25420.1
MinimumVisualStudioVersion = 10.0.40219.1
Project("{FAE04EC0-301F-11D3-BF4B-00C04F79EFBC}") = "Projetos(Vendas)", "Projetos(Vendas)\Projetos(Vendas).csproj", "{153DA90A-22E5-42B6-B1A5-03B3E52F11A7}"
EndProject
Global
	GlobalSection(SolutionConfigurationPlatforms) = preSolution
		Debug|Any CPU = Debug|Any CPU
		Release|Any CPU = Release|Any CPU
	EndGlobalSection
	GlobalSection(ProjectConfigurationPlatforms) = postSolution
		{153DA90A-22E5-42B6-B1A5-03B3E52F11A7}.Debug|Any CPU.ActiveCfg = Debug|Any CPU
		{153DA90A-22E5-42B6-B1A5-03B3E52F11A7}.Debug|Any CPU.Build.0 = Debug|Any CPU
		{153DA90A-22E5-42B6-B1A5-03B3E52F11A7}.Release|Any CPU.ActiveCfg = Release|Any CPU
		{153DA90A-22E5-42B6-B1A5-03B3E52F11A7}.Release|Any CPU.Build.0 = Release|Any CPU
	EndGlobalSection
	GlobalSection(SolutionProperties) = preSolution
		HideSolutionNode = FALSE
	EndGlobalSection
EndGlobal
